
Microsoft Visual Studio Solution File, Format Version 12.00
# Visual Studio Version 17
VisualStudioVersion = 17.2.32526.322
MinimumVisualStudioVersion = 10.0.40219.1
Project("{FAE04EC0-301F-11D3-BF4B-00C04F79EFBC}") = "Calculator001", "Calculator001.csproj", "{3700CC9F-B425-4E18-859A-079F19DC1FDA}"
EndProject
Global
	GlobalSection(SolutionConfigurationPlatforms) = preSolution
		Debug|Any CPU = Debug|Any CPU
		Release|Any CPU = Release|Any CPU
	EndGlobalSection
	GlobalSection(ProjectConfigurationPlatforms) = postSolution
		{3700CC9F-B425-4E18-859A-079F19DC1FDA}.Debug|Any CPU.ActiveCfg = Debug|Any CPU
		{3700CC9F-B425-4E18-859A-079F19DC1FDA}.Debug|Any CPU.Build.0 = Debug|Any CPU
		{3700CC9F-B425-4E18-859A-079F19DC1FDA}.Release|Any CPU.ActiveCfg = Release|Any CPU
		{3700CC9F-B425-4E18-859A-079F19DC1FDA}.Release|Any CPU.Build.0 = Release|Any CPU
	EndGlobalSection
	GlobalSection(SolutionProperties) = preSolution
		HideSolutionNode = FALSE
	EndGlobalSection
	GlobalSection(ExtensibilityGlobals) = postSolution
		SolutionGuid = {CC4D32D1-33C8-4221-B35A-715466F79B3B}
	EndGlobalSection
EndGlobal
